
Microsoft Visual Studio Solution File, Format Version 12.00
# Visual Studio Version 17
VisualStudioVersion = 17.11.35312.102
MinimumVisualStudioVersion = 10.0.40219.1
Project("{FAE04EC0-301F-11D3-BF4B-00C04F79EFBC}") = "WebAppDIWithoutInterfaces", "WebAppDIWithoutInterfaces\WebAppDIWithoutInterfaces.csproj", "{23C7B0CA-F871-4FAC-AFA5-72091543F6AA}"
EndProject
Global
	GlobalSection(SolutionConfigurationPlatforms) = preSolution
		Debug|Any CPU = Debug|Any CPU
		Release|Any CPU = Release|Any CPU
	EndGlobalSection
	GlobalSection(ProjectConfigurationPlatforms) = postSolution
		{23C7B0CA-F871-4FAC-AFA5-72091543F6AA}.Debug|Any CPU.ActiveCfg = Debug|Any CPU
		{23C7B0CA-F871-4FAC-AFA5-72091543F6AA}.Debug|Any CPU.Build.0 = Debug|Any CPU
		{23C7B0CA-F871-4FAC-AFA5-72091543F6AA}.Release|Any CPU.ActiveCfg = Release|Any CPU
		{23C7B0CA-F871-4FAC-AFA5-72091543F6AA}.Release|Any CPU.Build.0 = Release|Any CPU
	EndGlobalSection
	GlobalSection(SolutionProperties) = preSolution
		HideSolutionNode = FALSE
	EndGlobalSection
	GlobalSection(ExtensibilityGlobals) = postSolution
		SolutionGuid = {AB9B88A0-57D8-43EF-A41C-4ECF8AAD6774}
	EndGlobalSection
EndGlobal
